
Microsoft Visual Studio Solution File, Format Version 12.00
# Visual Studio Version 16
VisualStudioVersion = 16.0.28803.202
MinimumVisualStudioVersion = 10.0.40219.1
Project("{FAE04EC0-301F-11D3-BF4B-00C04F79EFBC}") = "MongoDbSampleApp", "MongoDbSampleApp\MongoDbSampleApp.csproj", "{6752F142-FACE-4C78-A7C7-B1F804077B1D}"
EndProject
Global
	GlobalSection(SolutionConfigurationPlatforms) = preSolution
		Debug|Any CPU = Debug|Any CPU
		Release|Any CPU = Release|Any CPU
	EndGlobalSection
	GlobalSection(ProjectConfigurationPlatforms) = postSolution
		{6752F142-FACE-4C78-A7C7-B1F804077B1D}.Debug|Any CPU.ActiveCfg = Debug|Any CPU
		{6752F142-FACE-4C78-A7C7-B1F804077B1D}.Debug|Any CPU.Build.0 = Debug|Any CPU
		{6752F142-FACE-4C78-A7C7-B1F804077B1D}.Release|Any CPU.ActiveCfg = Release|Any CPU
		{6752F142-FACE-4C78-A7C7-B1F804077B1D}.Release|Any CPU.Build.0 = Release|Any CPU
	EndGlobalSection
	GlobalSection(SolutionProperties) = preSolution
		HideSolutionNode = FALSE
	EndGlobalSection
	GlobalSection(ExtensibilityGlobals) = postSolution
		SolutionGuid = {4A1EC99A-AFD2-4410-8BAB-B3894E46DBBC}
	EndGlobalSection
EndGlobal
