
Microsoft Visual Studio Solution File, Format Version 12.00
# Visual Studio Version 16
VisualStudioVersion = 16.0.30011.22
MinimumVisualStudioVersion = 10.0.40219.1
Project("{9A19103F-16F7-4668-BE54-9A1E7A4F7556}") = "Ipsum.Generator.Web", "Ipsum.Generator.Web\Ipsum.Generator.Web.csproj", "{A07ADACB-D04E-4C00-A674-34E2604AE861}"
EndProject
Project("{9A19103F-16F7-4668-BE54-9A1E7A4F7556}") = "JeffSum.Module", "JeffSum.Module\JeffSum.Module.csproj", "{C5652FCD-051A-47A5-9C1A-227CEDBC0043}"
EndProject
Project("{FAE04EC0-301F-11D3-BF4B-00C04F79EFBC}") = "Jeff.Services", "Jeff.Services\Jeff.Services.csproj", "{0CAC40C8-018A-403D-B006-852BDC6DD8AA}"
EndProject
Project("{FAE04EC0-301F-11D3-BF4B-00C04F79EFBC}") = "Modules.Shared", "Modules.Shared\Modules.Shared.csproj", "{FE5F16FC-4F94-406B-8508-A1775C4064B4}"
EndProject
Global
	GlobalSection(SolutionConfigurationPlatforms) = preSolution
		Debug|Any CPU = Debug|Any CPU
		Release|Any CPU = Release|Any CPU
	EndGlobalSection
	GlobalSection(ProjectConfigurationPlatforms) = postSolution
		{A07ADACB-D04E-4C00-A674-34E2604AE861}.Debug|Any CPU.ActiveCfg = Debug|Any CPU
		{A07ADACB-D04E-4C00-A674-34E2604AE861}.Debug|Any CPU.Build.0 = Debug|Any CPU
		{A07ADACB-D04E-4C00-A674-34E2604AE861}.Release|Any CPU.ActiveCfg = Release|Any CPU
		{A07ADACB-D04E-4C00-A674-34E2604AE861}.Release|Any CPU.Build.0 = Release|Any CPU
		{C5652FCD-051A-47A5-9C1A-227CEDBC0043}.Debug|Any CPU.ActiveCfg = Debug|Any CPU
		{C5652FCD-051A-47A5-9C1A-227CEDBC0043}.Debug|Any CPU.Build.0 = Debug|Any CPU
		{C5652FCD-051A-47A5-9C1A-227CEDBC0043}.Release|Any CPU.ActiveCfg = Release|Any CPU
		{C5652FCD-051A-47A5-9C1A-227CEDBC0043}.Release|Any CPU.Build.0 = Release|Any CPU
		{0CAC40C8-018A-403D-B006-852BDC6DD8AA}.Debug|Any CPU.ActiveCfg = Debug|Any CPU
		{0CAC40C8-018A-403D-B006-852BDC6DD8AA}.Debug|Any CPU.Build.0 = Debug|Any CPU
		{0CAC40C8-018A-403D-B006-852BDC6DD8AA}.Release|Any CPU.ActiveCfg = Release|Any CPU
		{0CAC40C8-018A-403D-B006-852BDC6DD8AA}.Release|Any CPU.Build.0 = Release|Any CPU
		{FE5F16FC-4F94-406B-8508-A1775C4064B4}.Debug|Any CPU.ActiveCfg = Debug|Any CPU
		{FE5F16FC-4F94-406B-8508-A1775C4064B4}.Debug|Any CPU.Build.0 = Debug|Any CPU
		{FE5F16FC-4F94-406B-8508-A1775C4064B4}.Release|Any CPU.ActiveCfg = Release|Any CPU
		{FE5F16FC-4F94-406B-8508-A1775C4064B4}.Release|Any CPU.Build.0 = Release|Any CPU
	EndGlobalSection
	GlobalSection(SolutionProperties) = preSolution
		HideSolutionNode = FALSE
	EndGlobalSection
	GlobalSection(ExtensibilityGlobals) = postSolution
		SolutionGuid = {84C7F80F-3B81-4D60-B41F-A03F205E6417}
	EndGlobalSection
EndGlobal
